
Microsoft Visual Studio Solution File, Format Version 12.00
# Visual Studio 15
VisualStudioVersion = 15.0.27004.2009
MinimumVisualStudioVersion = 10.0.40219.1
Project("{FAE04EC0-301F-11D3-BF4B-00C04F79EFBC}") = "IGrains", "IGrains\IGrains.csproj", "{C9BECBFA-B04A-403A-8707-381BA70211A5}"
EndProject
Project("{FAE04EC0-301F-11D3-BF4B-00C04F79EFBC}") = "Grains", "Grains\Grains.csproj", "{1B3F8CBB-6842-4652-9742-CE0E2A3056CE}"
EndProject
Project("{FAE04EC0-301F-11D3-BF4B-00C04F79EFBC}") = "Host", "Host\Host.csproj", "{82EE6167-B37F-4FF7-B2B2-1728F85C8F36}"
EndProject
Project("{FAE04EC0-301F-11D3-BF4B-00C04F79EFBC}") = "Client", "Client\Client.csproj", "{4FDD5C66-74A6-4577-991F-B1BCD3F2EC5F}"
EndProject
Global
	GlobalSection(SolutionConfigurationPlatforms) = preSolution
		Debug|Any CPU = Debug|Any CPU
		Release|Any CPU = Release|Any CPU
	EndGlobalSection
	GlobalSection(ProjectConfigurationPlatforms) = postSolution
		{C9BECBFA-B04A-403A-8707-381BA70211A5}.Debug|Any CPU.ActiveCfg = Debug|Any CPU
		{C9BECBFA-B04A-403A-8707-381BA70211A5}.Debug|Any CPU.Build.0 = Debug|Any CPU
		{C9BECBFA-B04A-403A-8707-381BA70211A5}.Release|Any CPU.ActiveCfg = Release|Any CPU
		{C9BECBFA-B04A-403A-8707-381BA70211A5}.Release|Any CPU.Build.0 = Release|Any CPU
		{1B3F8CBB-6842-4652-9742-CE0E2A3056CE}.Debug|Any CPU.ActiveCfg = Debug|Any CPU
		{1B3F8CBB-6842-4652-9742-CE0E2A3056CE}.Debug|Any CPU.Build.0 = Debug|Any CPU
		{1B3F8CBB-6842-4652-9742-CE0E2A3056CE}.Release|Any CPU.ActiveCfg = Release|Any CPU
		{1B3F8CBB-6842-4652-9742-CE0E2A3056CE}.Release|Any CPU.Build.0 = Release|Any CPU
		{82EE6167-B37F-4FF7-B2B2-1728F85C8F36}.Debug|Any CPU.ActiveCfg = Debug|Any CPU
		{82EE6167-B37F-4FF7-B2B2-1728F85C8F36}.Debug|Any CPU.Build.0 = Debug|Any CPU
		{82EE6167-B37F-4FF7-B2B2-1728F85C8F36}.Release|Any CPU.ActiveCfg = Release|Any CPU
		{82EE6167-B37F-4FF7-B2B2-1728F85C8F36}.Release|Any CPU.Build.0 = Release|Any CPU
		{4FDD5C66-74A6-4577-991F-B1BCD3F2EC5F}.Debug|Any CPU.ActiveCfg = Debug|Any CPU
		{4FDD5C66-74A6-4577-991F-B1BCD3F2EC5F}.Debug|Any CPU.Build.0 = Debug|Any CPU
		{4FDD5C66-74A6-4577-991F-B1BCD3F2EC5F}.Release|Any CPU.ActiveCfg = Release|Any CPU
		{4FDD5C66-74A6-4577-991F-B1BCD3F2EC5F}.Release|Any CPU.Build.0 = Release|Any CPU
	EndGlobalSection
	GlobalSection(SolutionProperties) = preSolution
		HideSolutionNode = FALSE
	EndGlobalSection
	GlobalSection(ExtensibilityGlobals) = postSolution
		SolutionGuid = {962045B6-ADCF-4865-ABBF-D15E4F7456F2}
	EndGlobalSection
EndGlobal
