
Microsoft Visual Studio Solution File, Format Version 12.00
# Visual Studio 15
VisualStudioVersion = 15.0.27004.2009
MinimumVisualStudioVersion = 10.0.40219.1
Project("{FAE04EC0-301F-11D3-BF4B-00C04F79EFBC}") = "IGrains", "IGrains\IGrains.csproj", "{F96FA12C-8668-4C74-B91E-EE9A1544DE45}"
EndProject
Project("{FAE04EC0-301F-11D3-BF4B-00C04F79EFBC}") = "Grians", "Grians\Grians.csproj", "{D67363EE-645C-46CD-99C8-2ACA8FD10A15}"
EndProject
Project("{FAE04EC0-301F-11D3-BF4B-00C04F79EFBC}") = "Server", "Server\Server.csproj", "{678405B7-0565-4662-BDE6-3CB21AB048D8}"
EndProject
Project("{FAE04EC0-301F-11D3-BF4B-00C04F79EFBC}") = "Client", "Client\Client.csproj", "{D5137B05-0C75-4580-9DFD-B7BB2FC31421}"
EndProject
Project("{FAE04EC0-301F-11D3-BF4B-00C04F79EFBC}") = "Client2", "Client2\Client2.csproj", "{3A16EB95-CBA9-436A-A462-14A6E40A0ED7}"
EndProject
Global
	GlobalSection(SolutionConfigurationPlatforms) = preSolution
		Debug|Any CPU = Debug|Any CPU
		Release|Any CPU = Release|Any CPU
	EndGlobalSection
	GlobalSection(ProjectConfigurationPlatforms) = postSolution
		{F96FA12C-8668-4C74-B91E-EE9A1544DE45}.Debug|Any CPU.ActiveCfg = Debug|Any CPU
		{F96FA12C-8668-4C74-B91E-EE9A1544DE45}.Debug|Any CPU.Build.0 = Debug|Any CPU
		{F96FA12C-8668-4C74-B91E-EE9A1544DE45}.Release|Any CPU.ActiveCfg = Release|Any CPU
		{F96FA12C-8668-4C74-B91E-EE9A1544DE45}.Release|Any CPU.Build.0 = Release|Any CPU
		{D67363EE-645C-46CD-99C8-2ACA8FD10A15}.Debug|Any CPU.ActiveCfg = Debug|Any CPU
		{D67363EE-645C-46CD-99C8-2ACA8FD10A15}.Debug|Any CPU.Build.0 = Debug|Any CPU
		{D67363EE-645C-46CD-99C8-2ACA8FD10A15}.Release|Any CPU.ActiveCfg = Release|Any CPU
		{D67363EE-645C-46CD-99C8-2ACA8FD10A15}.Release|Any CPU.Build.0 = Release|Any CPU
		{678405B7-0565-4662-BDE6-3CB21AB048D8}.Debug|Any CPU.ActiveCfg = Debug|Any CPU
		{678405B7-0565-4662-BDE6-3CB21AB048D8}.Debug|Any CPU.Build.0 = Debug|Any CPU
		{678405B7-0565-4662-BDE6-3CB21AB048D8}.Release|Any CPU.ActiveCfg = Release|Any CPU
		{678405B7-0565-4662-BDE6-3CB21AB048D8}.Release|Any CPU.Build.0 = Release|Any CPU
		{D5137B05-0C75-4580-9DFD-B7BB2FC31421}.Debug|Any CPU.ActiveCfg = Debug|Any CPU
		{D5137B05-0C75-4580-9DFD-B7BB2FC31421}.Debug|Any CPU.Build.0 = Debug|Any CPU
		{D5137B05-0C75-4580-9DFD-B7BB2FC31421}.Release|Any CPU.ActiveCfg = Release|Any CPU
		{D5137B05-0C75-4580-9DFD-B7BB2FC31421}.Release|Any CPU.Build.0 = Release|Any CPU
		{3A16EB95-CBA9-436A-A462-14A6E40A0ED7}.Debug|Any CPU.ActiveCfg = Debug|Any CPU
		{3A16EB95-CBA9-436A-A462-14A6E40A0ED7}.Debug|Any CPU.Build.0 = Debug|Any CPU
		{3A16EB95-CBA9-436A-A462-14A6E40A0ED7}.Release|Any CPU.ActiveCfg = Release|Any CPU
		{3A16EB95-CBA9-436A-A462-14A6E40A0ED7}.Release|Any CPU.Build.0 = Release|Any CPU
	EndGlobalSection
	GlobalSection(SolutionProperties) = preSolution
		HideSolutionNode = FALSE
	EndGlobalSection
	GlobalSection(ExtensibilityGlobals) = postSolution
		SolutionGuid = {DE63D8B0-C676-4FB6-9B71-EE8F970B21B2}
	EndGlobalSection
EndGlobal
