
Microsoft Visual Studio Solution File, Format Version 12.00
# Visual Studio Version 16
VisualStudioVersion = 16.0.29609.76
MinimumVisualStudioVersion = 10.0.40219.1
Project("{9A19103F-16F7-4668-BE54-9A1E7A4F7556}") = "IGrains", "IGrains\IGrains.csproj", "{98A50356-61E5-4392-A253-C2FA1136588B}"
EndProject
Project("{9A19103F-16F7-4668-BE54-9A1E7A4F7556}") = "Grains", "Grains\Grains.csproj", "{B6420DB0-1467-412C-BC67-59C083E99EB1}"
EndProject
Project("{9A19103F-16F7-4668-BE54-9A1E7A4F7556}") = "Client_ConsoleApp", "Client_ConsoleApp\Client_ConsoleApp.csproj", "{19A72249-6009-4B19-A84E-A98E79C15D00}"
EndProject
Project("{9A19103F-16F7-4668-BE54-9A1E7A4F7556}") = "Silo_ConsoleApp", "Silo_ConsoleApp\Silo_ConsoleApp.csproj", "{22F7CF18-5F63-4379-8059-2AD4D09BCC16}"
EndProject
Project("{FAE04EC0-301F-11D3-BF4B-00C04F79EFBC}") = "Client_WebMVCApp", "Client_WebMVCApp\Client_WebMVCApp.csproj", "{DC8399B7-28D9-46C9-9DFF-96A759CADD79}"
EndProject
Global
	GlobalSection(SolutionConfigurationPlatforms) = preSolution
		Debug|Any CPU = Debug|Any CPU
		Release|Any CPU = Release|Any CPU
	EndGlobalSection
	GlobalSection(ProjectConfigurationPlatforms) = postSolution
		{98A50356-61E5-4392-A253-C2FA1136588B}.Debug|Any CPU.ActiveCfg = Debug|Any CPU
		{98A50356-61E5-4392-A253-C2FA1136588B}.Debug|Any CPU.Build.0 = Debug|Any CPU
		{98A50356-61E5-4392-A253-C2FA1136588B}.Release|Any CPU.ActiveCfg = Release|Any CPU
		{98A50356-61E5-4392-A253-C2FA1136588B}.Release|Any CPU.Build.0 = Release|Any CPU
		{B6420DB0-1467-412C-BC67-59C083E99EB1}.Debug|Any CPU.ActiveCfg = Debug|Any CPU
		{B6420DB0-1467-412C-BC67-59C083E99EB1}.Debug|Any CPU.Build.0 = Debug|Any CPU
		{B6420DB0-1467-412C-BC67-59C083E99EB1}.Release|Any CPU.ActiveCfg = Release|Any CPU
		{B6420DB0-1467-412C-BC67-59C083E99EB1}.Release|Any CPU.Build.0 = Release|Any CPU
		{19A72249-6009-4B19-A84E-A98E79C15D00}.Debug|Any CPU.ActiveCfg = Debug|Any CPU
		{19A72249-6009-4B19-A84E-A98E79C15D00}.Debug|Any CPU.Build.0 = Debug|Any CPU
		{19A72249-6009-4B19-A84E-A98E79C15D00}.Release|Any CPU.ActiveCfg = Release|Any CPU
		{19A72249-6009-4B19-A84E-A98E79C15D00}.Release|Any CPU.Build.0 = Release|Any CPU
		{22F7CF18-5F63-4379-8059-2AD4D09BCC16}.Debug|Any CPU.ActiveCfg = Debug|Any CPU
		{22F7CF18-5F63-4379-8059-2AD4D09BCC16}.Debug|Any CPU.Build.0 = Debug|Any CPU
		{22F7CF18-5F63-4379-8059-2AD4D09BCC16}.Release|Any CPU.ActiveCfg = Release|Any CPU
		{22F7CF18-5F63-4379-8059-2AD4D09BCC16}.Release|Any CPU.Build.0 = Release|Any CPU
		{DC8399B7-28D9-46C9-9DFF-96A759CADD79}.Debug|Any CPU.ActiveCfg = Debug|Any CPU
		{DC8399B7-28D9-46C9-9DFF-96A759CADD79}.Debug|Any CPU.Build.0 = Debug|Any CPU
		{DC8399B7-28D9-46C9-9DFF-96A759CADD79}.Release|Any CPU.ActiveCfg = Release|Any CPU
		{DC8399B7-28D9-46C9-9DFF-96A759CADD79}.Release|Any CPU.Build.0 = Release|Any CPU
	EndGlobalSection
	GlobalSection(SolutionProperties) = preSolution
		HideSolutionNode = FALSE
	EndGlobalSection
	GlobalSection(ExtensibilityGlobals) = postSolution
		SolutionGuid = {61573D56-1550-4C30-BEE7-D056E3DE60D8}
	EndGlobalSection
EndGlobal
